
Microsoft Visual Studio Solution File, Format Version 12.00
# Visual Studio Version 17
VisualStudioVersion = 17.10.35013.160
MinimumVisualStudioVersion = 10.0.40219.1
Project("{FAE04EC0-301F-11D3-BF4B-00C04F79EFBC}") = "BuilderPattern", "BuilderPattern\BuilderPattern.csproj", "{BEA9AA6F-D47E-4252-87BB-B553726F5E17}"
EndProject
Global
	GlobalSection(SolutionConfigurationPlatforms) = preSolution
		Debug|Any CPU = Debug|Any CPU
		Release|Any CPU = Release|Any CPU
	EndGlobalSection
	GlobalSection(ProjectConfigurationPlatforms) = postSolution
		{BEA9AA6F-D47E-4252-87BB-B553726F5E17}.Debug|Any CPU.ActiveCfg = Debug|Any CPU
		{BEA9AA6F-D47E-4252-87BB-B553726F5E17}.Debug|Any CPU.Build.0 = Debug|Any CPU
		{BEA9AA6F-D47E-4252-87BB-B553726F5E17}.Release|Any CPU.ActiveCfg = Release|Any CPU
		{BEA9AA6F-D47E-4252-87BB-B553726F5E17}.Release|Any CPU.Build.0 = Release|Any CPU
	EndGlobalSection
	GlobalSection(SolutionProperties) = preSolution
		HideSolutionNode = FALSE
	EndGlobalSection
	GlobalSection(ExtensibilityGlobals) = postSolution
		SolutionGuid = {492930BB-1122-4CCD-81BA-A3B332A73F21}
	EndGlobalSection
EndGlobal
